{
  "name": "awersome-book-recreated-es6",
  "version": "1.0.0",
  "lockfileVersion": 2,
  "requires": true,
  "packages": {
    "": {
      "name": "awersome-book-recreated-es6",
      "version": "1.0.0",
      "license": "ISC",
      "dependencies": {
        "luxon": "^3.1.1"
      }
    },
    "node_modules/luxon": {
      "version": "3.1.1",
      "resolved": "https://registry.npmjs.org/luxon/-/luxon-3.1.1.tgz",
      "integrity": "sha512-Ah6DloGmvseB/pX1cAmjbFvyU/pKuwQMQqz7d0yvuDlVYLTs2WeDHQMpC8tGjm1da+BriHROW/OEIT/KfYg6xw==",
      "engines": {
        "node": ">=12"
      }
    }
  },
  "dependencies": {
    "luxon": {
      "version": "3.1.1",
      "resolved": "https://registry.npmjs.org/luxon/-/luxon-3.1.1.tgz",
      "integrity": "sha512-Ah6DloGmvseB/pX1cAmjbFvyU/pKuwQMQqz7d0yvuDlVYLTs2WeDHQMpC8tGjm1da+BriHROW/OEIT/KfYg6xw=="
    }
  }
}
